<?xml version="1.0" encoding="utf-8"?>
<Project ToolsVersion="4.0" xmlns="http://schemas.microsoft.com/developer/msbuild/2003">
  <ItemGroup>
    <ClCompile Include="ShaderContainer.cpp">
      <Filter>Source Files</Filter>
    </ClCompile>
    <ClCompile Include="ModelContainer.cpp">
      <Filter>Source Files</Filter>
    </ClCompile>
    <ClCompile Include="data_parser.cpp">
      <Filter>Source Files</Filter>
    </ClCompile>
    <ClCompile Include="render.cpp">
      <Filter>Source Files</Filter>
    </ClCompile>
    <ClCompile Include="campfire.cpp">
      <Filter>Source Files</Filter>
    </ClCompile>
    <ClCompile Include="main.cpp">
      <Filter>Source Files</Filter>
    </ClCompile>
  </ItemGroup>
  <ItemGroup>
    <Filter Include="Shaders">
      <UniqueIdentifier>{a3b4d161-474e-45de-833d-795354b2d864}</UniqueIdentifier>
    </Filter>
    <Filter Include="Source Files">
      <UniqueIdentifier>{0a6944c0-eff4-4b4f-a56d-223bfb58e623}</UniqueIdentifier>
    </Filter>
    <Filter Include="Header Files">
      <UniqueIdentifier>{f2b48e9b-1fad-4baf-8911-9749c673742b}</UniqueIdentifier>
    </Filter>
  </ItemGroup>
  <ItemGroup>
    <None Include="object_fs.glsl">
      <Filter>Shaders</Filter>
    </None>
    <None Include="object_vs.glsl">
      <Filter>Shaders</Filter>
    </None>
    <None Include="skybox_fs.glsl">
      <Filter>Shaders</Filter>
    </None>
    <None Include="skybox_vs.glsl">
      <Filter>Shaders</Filter>
    </None>
    <None Include="anim_texture_vs.glsl">
      <Filter>Shaders</Filter>
    </None>
    <None Include="anim_texture_fs.glsl">
      <Filter>Shaders</Filter>
    </None>
    <None Include="banner_vs.glsl">
      <Filter>Shaders</Filter>
    </None>
    <None Include="banner_fs.glsl">
      <Filter>Shaders</Filter>
    </None>
  </ItemGroup>
  <ItemGroup>
    <ClInclude Include="ShaderContainer.h">
      <Filter>Header Files</Filter>
    </ClInclude>
    <ClInclude Include="ModelContainer.h">
      <Filter>Header Files</Filter>
    </ClInclude>
    <ClInclude Include="LightSourses.h">
      <Filter>Header Files</Filter>
    </ClInclude>
    <ClInclude Include="CameraContainer.h">
      <Filter>Header Files</Filter>
    </ClInclude>
    <ClInclude Include="data_parser.h">
      <Filter>Header Files</Filter>
    </ClInclude>
    <ClInclude Include="render.h">
      <Filter>Header Files</Filter>
    </ClInclude>
    <ClInclude Include="campfire.h">
      <Filter>Header Files</Filter>
    </ClInclude>
  </ItemGroup>
</Project>